
Microsoft Visual Studio Solution File, Format Version 12.00
# Visual Studio Version 16
VisualStudioVersion = 16.0.30523.141
MinimumVisualStudioVersion = 10.0.40219.1
Project("{888888A0-9F3D-457C-B088-3A5042F75D52}") = "PythonLab3", "PythonLab3\PythonLab3.pyproj", "{F7BE4924-114E-4740-BAE9-4D7FE59B450D}"
EndProject
Global
	GlobalSection(SolutionConfigurationPlatforms) = preSolution
		Debug|Any CPU = Debug|Any CPU
		Release|Any CPU = Release|Any CPU
	EndGlobalSection
	GlobalSection(ProjectConfigurationPlatforms) = postSolution
		{F7BE4924-114E-4740-BAE9-4D7FE59B450D}.Debug|Any CPU.ActiveCfg = Debug|Any CPU
		{F7BE4924-114E-4740-BAE9-4D7FE59B450D}.Release|Any CPU.ActiveCfg = Release|Any CPU
	EndGlobalSection
	GlobalSection(SolutionProperties) = preSolution
		HideSolutionNode = FALSE
	EndGlobalSection
	GlobalSection(ExtensibilityGlobals) = postSolution
		SolutionGuid = {145DFC16-0887-4261-B17D-FBE4F47EF68A}
	EndGlobalSection
EndGlobal
