
Microsoft Visual Studio Solution File, Format Version 12.00
# Visual Studio Version 16
VisualStudioVersion = 16.0.30621.155
MinimumVisualStudioVersion = 10.0.40219.1
Project("{888888A0-9F3D-457C-B088-3A5042F75D52}") = "PythonLab6", "PythonLab6\PythonLab6.pyproj", "{B7D86347-5C88-42B2-913B-BC6160914C41}"
EndProject
Global
	GlobalSection(SolutionConfigurationPlatforms) = preSolution
		Debug|Any CPU = Debug|Any CPU
		Release|Any CPU = Release|Any CPU
	EndGlobalSection
	GlobalSection(ProjectConfigurationPlatforms) = postSolution
		{B7D86347-5C88-42B2-913B-BC6160914C41}.Debug|Any CPU.ActiveCfg = Debug|Any CPU
		{B7D86347-5C88-42B2-913B-BC6160914C41}.Release|Any CPU.ActiveCfg = Release|Any CPU
	EndGlobalSection
	GlobalSection(SolutionProperties) = preSolution
		HideSolutionNode = FALSE
	EndGlobalSection
	GlobalSection(ExtensibilityGlobals) = postSolution
		SolutionGuid = {B1022D17-77B5-4FB4-8020-99A30D8B4CAE}
	EndGlobalSection
EndGlobal
